
Microsoft Visual Studio Solution File, Format Version 12.00
# Visual Studio Version 17
VisualStudioVersion = 17.10.34902.84
MinimumVisualStudioVersion = 10.0.40219.1
Project("{FAE04EC0-301F-11D3-BF4B-00C04F79EFBC}") = "Midrag", "Midrag\Midrag.csproj", "{C97ADD7D-7C06-4611-AD19-1BCF8E5AD5C5}"
EndProject
Project("{FAE04EC0-301F-11D3-BF4B-00C04F79EFBC}") = "Entities", "Entities\Entities.csproj", "{5ABD0D95-C4DD-4D9B-8496-91653A20E6CF}"
EndProject
Project("{FAE04EC0-301F-11D3-BF4B-00C04F79EFBC}") = "DataRepository", "DataRepository\DataRepository.csproj", "{D07DF156-7B99-4F23-829F-D97454893BBA}"
EndProject
Project("{FAE04EC0-301F-11D3-BF4B-00C04F79EFBC}") = "Services", "Services\Services.csproj", "{A0C6F44D-7D16-4E45-A947-55A4798AA31F}"
EndProject
Global
	GlobalSection(SolutionConfigurationPlatforms) = preSolution
		Debug|Any CPU = Debug|Any CPU
		Release|Any CPU = Release|Any CPU
	EndGlobalSection
	GlobalSection(ProjectConfigurationPlatforms) = postSolution
		{C97ADD7D-7C06-4611-AD19-1BCF8E5AD5C5}.Debug|Any CPU.ActiveCfg = Debug|Any CPU
		{C97ADD7D-7C06-4611-AD19-1BCF8E5AD5C5}.Debug|Any CPU.Build.0 = Debug|Any CPU
		{C97ADD7D-7C06-4611-AD19-1BCF8E5AD5C5}.Release|Any CPU.ActiveCfg = Release|Any CPU
		{C97ADD7D-7C06-4611-AD19-1BCF8E5AD5C5}.Release|Any CPU.Build.0 = Release|Any CPU
		{5ABD0D95-C4DD-4D9B-8496-91653A20E6CF}.Debug|Any CPU.ActiveCfg = Debug|Any CPU
		{5ABD0D95-C4DD-4D9B-8496-91653A20E6CF}.Debug|Any CPU.Build.0 = Debug|Any CPU
		{5ABD0D95-C4DD-4D9B-8496-91653A20E6CF}.Release|Any CPU.ActiveCfg = Release|Any CPU
		{5ABD0D95-C4DD-4D9B-8496-91653A20E6CF}.Release|Any CPU.Build.0 = Release|Any CPU
		{D07DF156-7B99-4F23-829F-D97454893BBA}.Debug|Any CPU.ActiveCfg = Debug|Any CPU
		{D07DF156-7B99-4F23-829F-D97454893BBA}.Debug|Any CPU.Build.0 = Debug|Any CPU
		{D07DF156-7B99-4F23-829F-D97454893BBA}.Release|Any CPU.ActiveCfg = Release|Any CPU
		{D07DF156-7B99-4F23-829F-D97454893BBA}.Release|Any CPU.Build.0 = Release|Any CPU
		{A0C6F44D-7D16-4E45-A947-55A4798AA31F}.Debug|Any CPU.ActiveCfg = Debug|Any CPU
		{A0C6F44D-7D16-4E45-A947-55A4798AA31F}.Debug|Any CPU.Build.0 = Debug|Any CPU
		{A0C6F44D-7D16-4E45-A947-55A4798AA31F}.Release|Any CPU.ActiveCfg = Release|Any CPU
		{A0C6F44D-7D16-4E45-A947-55A4798AA31F}.Release|Any CPU.Build.0 = Release|Any CPU
	EndGlobalSection
	GlobalSection(SolutionProperties) = preSolution
		HideSolutionNode = FALSE
	EndGlobalSection
	GlobalSection(ExtensibilityGlobals) = postSolution
		SolutionGuid = {9A40DD1B-D181-4CA2-B753-B352B093F6EF}
	EndGlobalSection
EndGlobal
